
Microsoft Visual Studio Solution File, Format Version 12.00
# Visual Studio Version 17
VisualStudioVersion = 17.5.002.0
MinimumVisualStudioVersion = 10.0.40219.1
Project("{2150E333-8FDC-42A3-9474-1A3956D46DE8}") = "csharp-prep", "csharp-prep", "{191C50A5-9F5F-41AF-96B6-D9BE7B48BDFF}"
EndProject
Project("{9A19103F-16F7-4668-BE54-9A1E7A4F7556}") = "Prep1", "csharp-prep\Prep1\Prep1.csproj", "{E91977FF-59ED-49AB-B4A3-25953220C230}"
EndProject
Project("{9A19103F-16F7-4668-BE54-9A1E7A4F7556}") = "Prep2", "csharp-prep\Prep2\Prep2.csproj", "{BCE7B490-6C9D-4AF3-A913-C373DF074FCD}"
EndProject
Project("{9A19103F-16F7-4668-BE54-9A1E7A4F7556}") = "Prep3", "csharp-prep\Prep3\Prep3.csproj", "{CEAE1D6D-7447-45F8-85D6-9F93C5594667}"
EndProject
Project("{9A19103F-16F7-4668-BE54-9A1E7A4F7556}") = "Prep4", "csharp-prep\Prep4\Prep4.csproj", "{17C62F84-7595-4ACB-8B1A-286343D6C3EF}"
EndProject
Project("{9A19103F-16F7-4668-BE54-9A1E7A4F7556}") = "Prep5", "csharp-prep\Prep5\Prep5.csproj", "{C2C57AF6-57A7-41C3-9F88-AA843907D07F}"
EndProject
Project("{2150E333-8FDC-42A3-9474-1A3956D46DE8}") = "final", "final", "{CBE1CBD0-78EA-415E-A2AC-25ECA2C79BC8}"
EndProject
Project("{9A19103F-16F7-4668-BE54-9A1E7A4F7556}") = "FinalProject", "final\FinalProject\FinalProject.csproj", "{199D0EFB-D5DA-4C98-BE62-F48D489106D3}"
EndProject
Project("{9A19103F-16F7-4668-BE54-9A1E7A4F7556}") = "Foundation1", "final\Foundation1\Foundation1.csproj", "{977CE9B8-C8C1-45AE-8758-670BD47AFA5F}"
EndProject
Project("{9A19103F-16F7-4668-BE54-9A1E7A4F7556}") = "Foundation2", "final\Foundation2\Foundation2.csproj", "{3A214465-E715-4C19-B6D9-AE61C030E041}"
EndProject
Project("{9A19103F-16F7-4668-BE54-9A1E7A4F7556}") = "Foundation3", "final\Foundation3\Foundation3.csproj", "{54F77059-D43D-43D4-B848-EA39E80C0403}"
EndProject
Project("{9A19103F-16F7-4668-BE54-9A1E7A4F7556}") = "Foundation4", "final\Foundation4\Foundation4.csproj", "{32561546-6415-4605-AD03-F5ADDE0D94BA}"
EndProject
Project("{2150E333-8FDC-42A3-9474-1A3956D46DE8}") = "prepare", "prepare", "{2828F7D9-B453-40D8-AA75-EF839027FF0C}"
EndProject
Project("{9A19103F-16F7-4668-BE54-9A1E7A4F7556}") = "Learning02", "prepare\Learning02\Learning02.csproj", "{A54C341D-F0F2-4162-A915-B8903F423F7B}"
EndProject
Project("{9A19103F-16F7-4668-BE54-9A1E7A4F7556}") = "Learning03", "prepare\Learning03\Learning03.csproj", "{E4683130-8E15-430E-B16A-0D069A42F738}"
EndProject
Project("{9A19103F-16F7-4668-BE54-9A1E7A4F7556}") = "Learning04", "prepare\Learning04\Learning04.csproj", "{DB288A27-9499-4813-A7E4-188A526E93A7}"
EndProject
Project("{9A19103F-16F7-4668-BE54-9A1E7A4F7556}") = "Learning05", "prepare\Learning05\Learning05.csproj", "{853541F6-4309-4EFA-9BF7-060FE6FCDE5A}"
EndProject
Project("{2150E333-8FDC-42A3-9474-1A3956D46DE8}") = "prove", "prove", "{B29EE263-1128-495A-BF96-A95B1AEF267D}"
EndProject
Project("{9A19103F-16F7-4668-BE54-9A1E7A4F7556}") = "Develop02", "prove\Develop02\Develop02.csproj", "{C1920E03-47EE-4FE0-A45A-1E961A212205}"
EndProject
Project("{9A19103F-16F7-4668-BE54-9A1E7A4F7556}") = "Develop03", "prove\Develop03\Develop03.csproj", "{89536230-7AD5-4780-9D83-0FD5DEFD01B2}"
EndProject
Project("{9A19103F-16F7-4668-BE54-9A1E7A4F7556}") = "Develop04", "prove\Develop04\Develop04.csproj", "{0EE38E2B-E9F1-4D0C-BD7A-73A34A9C6B43}"
EndProject
Project("{9A19103F-16F7-4668-BE54-9A1E7A4F7556}") = "Develop05", "prove\Develop05\Develop05.csproj", "{19510128-BFA7-437A-87EB-1BAF4B7B14A1}"
EndProject
Project("{2150E333-8FDC-42A3-9474-1A3956D46DE8}") = "sandbox", "sandbox", "{98F5C544-3E8B-49ED-8E5A-8D04EFDD7D17}"
EndProject
Project("{9A19103F-16F7-4668-BE54-9A1E7A4F7556}") = "Sandbox", "sandbox\Sandbox\Sandbox.csproj", "{2E5A7F2E-1948-40F1-B53D-E365C09D2B41}"
EndProject
Global
	GlobalSection(SolutionConfigurationPlatforms) = preSolution
		Debug|Any CPU = Debug|Any CPU
		Release|Any CPU = Release|Any CPU
	EndGlobalSection
	GlobalSection(ProjectConfigurationPlatforms) = postSolution
		{E91977FF-59ED-49AB-B4A3-25953220C230}.Debug|Any CPU.ActiveCfg = Debug|Any CPU
		{E91977FF-59ED-49AB-B4A3-25953220C230}.Debug|Any CPU.Build.0 = Debug|Any CPU
		{E91977FF-59ED-49AB-B4A3-25953220C230}.Release|Any CPU.ActiveCfg = Release|Any CPU
		{E91977FF-59ED-49AB-B4A3-25953220C230}.Release|Any CPU.Build.0 = Release|Any CPU
		{BCE7B490-6C9D-4AF3-A913-C373DF074FCD}.Debug|Any CPU.ActiveCfg = Debug|Any CPU
		{BCE7B490-6C9D-4AF3-A913-C373DF074FCD}.Debug|Any CPU.Build.0 = Debug|Any CPU
		{BCE7B490-6C9D-4AF3-A913-C373DF074FCD}.Release|Any CPU.ActiveCfg = Release|Any CPU
		{BCE7B490-6C9D-4AF3-A913-C373DF074FCD}.Release|Any CPU.Build.0 = Release|Any CPU
		{CEAE1D6D-7447-45F8-85D6-9F93C5594667}.Debug|Any CPU.ActiveCfg = Debug|Any CPU
		{CEAE1D6D-7447-45F8-85D6-9F93C5594667}.Debug|Any CPU.Build.0 = Debug|Any CPU
		{CEAE1D6D-7447-45F8-85D6-9F93C5594667}.Release|Any CPU.ActiveCfg = Release|Any CPU
		{CEAE1D6D-7447-45F8-85D6-9F93C5594667}.Release|Any CPU.Build.0 = Release|Any CPU
		{17C62F84-7595-4ACB-8B1A-286343D6C3EF}.Debug|Any CPU.ActiveCfg = Debug|Any CPU
		{17C62F84-7595-4ACB-8B1A-286343D6C3EF}.Debug|Any CPU.Build.0 = Debug|Any CPU
		{17C62F84-7595-4ACB-8B1A-286343D6C3EF}.Release|Any CPU.ActiveCfg = Release|Any CPU
		{17C62F84-7595-4ACB-8B1A-286343D6C3EF}.Release|Any CPU.Build.0 = Release|Any CPU
		{C2C57AF6-57A7-41C3-9F88-AA843907D07F}.Debug|Any CPU.ActiveCfg = Debug|Any CPU
		{C2C57AF6-57A7-41C3-9F88-AA843907D07F}.Debug|Any CPU.Build.0 = Debug|Any CPU
		{C2C57AF6-57A7-41C3-9F88-AA843907D07F}.Release|Any CPU.ActiveCfg = Release|Any CPU
		{C2C57AF6-57A7-41C3-9F88-AA843907D07F}.Release|Any CPU.Build.0 = Release|Any CPU
		{199D0EFB-D5DA-4C98-BE62-F48D489106D3}.Debug|Any CPU.ActiveCfg = Debug|Any CPU
		{199D0EFB-D5DA-4C98-BE62-F48D489106D3}.Debug|Any CPU.Build.0 = Debug|Any CPU
		{199D0EFB-D5DA-4C98-BE62-F48D489106D3}.Release|Any CPU.ActiveCfg = Release|Any CPU
		{199D0EFB-D5DA-4C98-BE62-F48D489106D3}.Release|Any CPU.Build.0 = Release|Any CPU
		{977CE9B8-C8C1-45AE-8758-670BD47AFA5F}.Debug|Any CPU.ActiveCfg = Debug|Any CPU
		{977CE9B8-C8C1-45AE-8758-670BD47AFA5F}.Debug|Any CPU.Build.0 = Debug|Any CPU
		{977CE9B8-C8C1-45AE-8758-670BD47AFA5F}.Release|Any CPU.ActiveCfg = Release|Any CPU
		{977CE9B8-C8C1-45AE-8758-670BD47AFA5F}.Release|Any CPU.Build.0 = Release|Any CPU
		{3A214465-E715-4C19-B6D9-AE61C030E041}.Debug|Any CPU.ActiveCfg = Debug|Any CPU
		{3A214465-E715-4C19-B6D9-AE61C030E041}.Debug|Any CPU.Build.0 = Debug|Any CPU
		{3A214465-E715-4C19-B6D9-AE61C030E041}.Release|Any CPU.ActiveCfg = Release|Any CPU
		{3A214465-E715-4C19-B6D9-AE61C030E041}.Release|Any CPU.Build.0 = Release|Any CPU
		{54F77059-D43D-43D4-B848-EA39E80C0403}.Debug|Any CPU.ActiveCfg = Debug|Any CPU
		{54F77059-D43D-43D4-B848-EA39E80C0403}.Debug|Any CPU.Build.0 = Debug|Any CPU
		{54F77059-D43D-43D4-B848-EA39E80C0403}.Release|Any CPU.ActiveCfg = Release|Any CPU
		{54F77059-D43D-43D4-B848-EA39E80C0403}.Release|Any CPU.Build.0 = Release|Any CPU
		{32561546-6415-4605-AD03-F5ADDE0D94BA}.Debug|Any CPU.ActiveCfg = Debug|Any CPU
		{32561546-6415-4605-AD03-F5ADDE0D94BA}.Debug|Any CPU.Build.0 = Debug|Any CPU
		{32561546-6415-4605-AD03-F5ADDE0D94BA}.Release|Any CPU.ActiveCfg = Release|Any CPU
		{32561546-6415-4605-AD03-F5ADDE0D94BA}.Release|Any CPU.Build.0 = Release|Any CPU
		{A54C341D-F0F2-4162-A915-B8903F423F7B}.Debug|Any CPU.ActiveCfg = Debug|Any CPU
		{A54C341D-F0F2-4162-A915-B8903F423F7B}.Debug|Any CPU.Build.0 = Debug|Any CPU
		{A54C341D-F0F2-4162-A915-B8903F423F7B}.Release|Any CPU.ActiveCfg = Release|Any CPU
		{A54C341D-F0F2-4162-A915-B8903F423F7B}.Release|Any CPU.Build.0 = Release|Any CPU
		{E4683130-8E15-430E-B16A-0D069A42F738}.Debug|Any CPU.ActiveCfg = Debug|Any CPU
		{E4683130-8E15-430E-B16A-0D069A42F738}.Debug|Any CPU.Build.0 = Debug|Any CPU
		{E4683130-8E15-430E-B16A-0D069A42F738}.Release|Any CPU.ActiveCfg = Release|Any CPU
		{E4683130-8E15-430E-B16A-0D069A42F738}.Release|Any CPU.Build.0 = Release|Any CPU
		{DB288A27-9499-4813-A7E4-188A526E93A7}.Debug|Any CPU.ActiveCfg = Debug|Any CPU
		{DB288A27-9499-4813-A7E4-188A526E93A7}.Debug|Any CPU.Build.0 = Debug|Any CPU
		{DB288A27-9499-4813-A7E4-188A526E93A7}.Release|Any CPU.ActiveCfg = Release|Any CPU
		{DB288A27-9499-4813-A7E4-188A526E93A7}.Release|Any CPU.Build.0 = Release|Any CPU
		{853541F6-4309-4EFA-9BF7-060FE6FCDE5A}.Debug|Any CPU.ActiveCfg = Debug|Any CPU
		{853541F6-4309-4EFA-9BF7-060FE6FCDE5A}.Debug|Any CPU.Build.0 = Debug|Any CPU
		{853541F6-4309-4EFA-9BF7-060FE6FCDE5A}.Release|Any CPU.ActiveCfg = Release|Any CPU
		{853541F6-4309-4EFA-9BF7-060FE6FCDE5A}.Release|Any CPU.Build.0 = Release|Any CPU
		{C1920E03-47EE-4FE0-A45A-1E961A212205}.Debug|Any CPU.ActiveCfg = Debug|Any CPU
		{C1920E03-47EE-4FE0-A45A-1E961A212205}.Debug|Any CPU.Build.0 = Debug|Any CPU
		{C1920E03-47EE-4FE0-A45A-1E961A212205}.Release|Any CPU.ActiveCfg = Release|Any CPU
		{C1920E03-47EE-4FE0-A45A-1E961A212205}.Release|Any CPU.Build.0 = Release|Any CPU
		{89536230-7AD5-4780-9D83-0FD5DEFD01B2}.Debug|Any CPU.ActiveCfg = Debug|Any CPU
		{89536230-7AD5-4780-9D83-0FD5DEFD01B2}.Debug|Any CPU.Build.0 = Debug|Any CPU
		{89536230-7AD5-4780-9D83-0FD5DEFD01B2}.Release|Any CPU.ActiveCfg = Release|Any CPU
		{89536230-7AD5-4780-9D83-0FD5DEFD01B2}.Release|Any CPU.Build.0 = Release|Any CPU
		{0EE38E2B-E9F1-4D0C-BD7A-73A34A9C6B43}.Debug|Any CPU.ActiveCfg = Debug|Any CPU
		{0EE38E2B-E9F1-4D0C-BD7A-73A34A9C6B43}.Debug|Any CPU.Build.0 = Debug|Any CPU
		{0EE38E2B-E9F1-4D0C-BD7A-73A34A9C6B43}.Release|Any CPU.ActiveCfg = Release|Any CPU
		{0EE38E2B-E9F1-4D0C-BD7A-73A34A9C6B43}.Release|Any CPU.Build.0 = Release|Any CPU
		{19510128-BFA7-437A-87EB-1BAF4B7B14A1}.Debug|Any CPU.ActiveCfg = Debug|Any CPU
		{19510128-BFA7-437A-87EB-1BAF4B7B14A1}.Debug|Any CPU.Build.0 = Debug|Any CPU
		{19510128-BFA7-437A-87EB-1BAF4B7B14A1}.Release|Any CPU.ActiveCfg = Release|Any CPU
		{19510128-BFA7-437A-87EB-1BAF4B7B14A1}.Release|Any CPU.Build.0 = Release|Any CPU
		{2E5A7F2E-1948-40F1-B53D-E365C09D2B41}.Debug|Any CPU.ActiveCfg = Debug|Any CPU
		{2E5A7F2E-1948-40F1-B53D-E365C09D2B41}.Debug|Any CPU.Build.0 = Debug|Any CPU
		{2E5A7F2E-1948-40F1-B53D-E365C09D2B41}.Release|Any CPU.ActiveCfg = Release|Any CPU
		{2E5A7F2E-1948-40F1-B53D-E365C09D2B41}.Release|Any CPU.Build.0 = Release|Any CPU
	EndGlobalSection
	GlobalSection(SolutionProperties) = preSolution
		HideSolutionNode = FALSE
	EndGlobalSection
	GlobalSection(NestedProjects) = preSolution
		{E91977FF-59ED-49AB-B4A3-25953220C230} = {191C50A5-9F5F-41AF-96B6-D9BE7B48BDFF}
		{BCE7B490-6C9D-4AF3-A913-C373DF074FCD} = {191C50A5-9F5F-41AF-96B6-D9BE7B48BDFF}
		{CEAE1D6D-7447-45F8-85D6-9F93C5594667} = {191C50A5-9F5F-41AF-96B6-D9BE7B48BDFF}
		{17C62F84-7595-4ACB-8B1A-286343D6C3EF} = {191C50A5-9F5F-41AF-96B6-D9BE7B48BDFF}
		{C2C57AF6-57A7-41C3-9F88-AA843907D07F} = {191C50A5-9F5F-41AF-96B6-D9BE7B48BDFF}
		{199D0EFB-D5DA-4C98-BE62-F48D489106D3} = {CBE1CBD0-78EA-415E-A2AC-25ECA2C79BC8}
		{977CE9B8-C8C1-45AE-8758-670BD47AFA5F} = {CBE1CBD0-78EA-415E-A2AC-25ECA2C79BC8}
		{3A214465-E715-4C19-B6D9-AE61C030E041} = {CBE1CBD0-78EA-415E-A2AC-25ECA2C79BC8}
		{54F77059-D43D-43D4-B848-EA39E80C0403} = {CBE1CBD0-78EA-415E-A2AC-25ECA2C79BC8}
		{32561546-6415-4605-AD03-F5ADDE0D94BA} = {CBE1CBD0-78EA-415E-A2AC-25ECA2C79BC8}
		{A54C341D-F0F2-4162-A915-B8903F423F7B} = {2828F7D9-B453-40D8-AA75-EF839027FF0C}
		{E4683130-8E15-430E-B16A-0D069A42F738} = {2828F7D9-B453-40D8-AA75-EF839027FF0C}
		{DB288A27-9499-4813-A7E4-188A526E93A7} = {2828F7D9-B453-40D8-AA75-EF839027FF0C}
		{853541F6-4309-4EFA-9BF7-060FE6FCDE5A} = {2828F7D9-B453-40D8-AA75-EF839027FF0C}
		{C1920E03-47EE-4FE0-A45A-1E961A212205} = {B29EE263-1128-495A-BF96-A95B1AEF267D}
		{89536230-7AD5-4780-9D83-0FD5DEFD01B2} = {B29EE263-1128-495A-BF96-A95B1AEF267D}
		{0EE38E2B-E9F1-4D0C-BD7A-73A34A9C6B43} = {B29EE263-1128-495A-BF96-A95B1AEF267D}
		{19510128-BFA7-437A-87EB-1BAF4B7B14A1} = {B29EE263-1128-495A-BF96-A95B1AEF267D}
		{2E5A7F2E-1948-40F1-B53D-E365C09D2B41} = {98F5C544-3E8B-49ED-8E5A-8D04EFDD7D17}
	EndGlobalSection
	GlobalSection(ExtensibilityGlobals) = postSolution
		SolutionGuid = {28A459B9-EB92-4182-B092-8BEBA0A5FAD1}
	EndGlobalSection
EndGlobal
